
Microsoft Visual Studio Solution File, Format Version 12.00
# Visual Studio Version 16
VisualStudioVersion = 16.0.29519.181
MinimumVisualStudioVersion = 10.0.40219.1
Project("{FAE04EC0-301F-11D3-BF4B-00C04F79EFBC}") = "AccessModifiers", "AccessModifiers\AccessModifiers.csproj", "{E73BA646-792B-47B9-A0EA-2F54E84E693C}"
EndProject
Global
	GlobalSection(SolutionConfigurationPlatforms) = preSolution
		Debug|Any CPU = Debug|Any CPU
		Release|Any CPU = Release|Any CPU
	EndGlobalSection
	GlobalSection(ProjectConfigurationPlatforms) = postSolution
		{E73BA646-792B-47B9-A0EA-2F54E84E693C}.Debug|Any CPU.ActiveCfg = Debug|Any CPU
		{E73BA646-792B-47B9-A0EA-2F54E84E693C}.Debug|Any CPU.Build.0 = Debug|Any CPU
		{E73BA646-792B-47B9-A0EA-2F54E84E693C}.Release|Any CPU.ActiveCfg = Release|Any CPU
		{E73BA646-792B-47B9-A0EA-2F54E84E693C}.Release|Any CPU.Build.0 = Release|Any CPU
	EndGlobalSection
	GlobalSection(SolutionProperties) = preSolution
		HideSolutionNode = FALSE
	EndGlobalSection
	GlobalSection(ExtensibilityGlobals) = postSolution
		SolutionGuid = {DB9E2AF6-169F-4A68-B072-66007FB5681E}
	EndGlobalSection
EndGlobal
